// !$*UTF8*$!
{
	archiveVersion = 1;
	classes = {
	};
	objectVersion = 56;
	objects = {

/* Begin PBXBuildFile section */
		4C2C8C182BFA79CC00A00306 /* YATAApp.swift in Sources */ = {isa = PBXBuildFile; fileRef = 4C2C8C172BFA79CC00A00306 /* YATAApp.swift */; };
		4C2C8C1A2BFA79CC00A00306 /* ContentView.swift in Sources */ = {isa = PBXBuildFile; fileRef = 4C2C8C192BFA79CC00A00306 /* ContentView.swift */; };
		4C2C8C1C2BFA79CE00A00306 /* Assets.xcassets in Resources */ = {isa = PBXBuildFile; fileRef = 4C2C8C1B2BFA79CE00A00306 /* Assets.xcassets */; };
		4C2C8C1F2BFA79CE00A00306 /* Preview Assets.xcassets in Resources */ = {isa = PBXBuildFile; fileRef = 4C2C8C1E2BFA79CE00A00306 /* Preview Assets.xcassets */; };
		4C2C8C212BFA79CE00A00306 /* Persistence.swift in Sources */ = {isa = PBXBuildFile; fileRef = 4C2C8C202BFA79CE00A00306 /* Persistence.swift */; };
		4C2C8C242BFA79CE00A00306 /* YATA.xcdatamodeld in Sources */ = {isa = PBXBuildFile; fileRef = 4C2C8C222BFA79CE00A00306 /* YATA.xcdatamodeld */; };
		4C2C8C2E2BFA79CE00A00306 /* YATATests.swift in Sources */ = {isa = PBXBuildFile; fileRef = 4C2C8C2D2BFA79CE00A00306 /* YATATests.swift */; };
		4C2C8C382BFA79CE00A00306 /* YATAUITests.swift in Sources */ = {isa = PBXBuildFile; fileRef = 4C2C8C372BFA79CE00A00306 /* YATAUITests.swift */; };
		4C2C8C3A2BFA79CE00A00306 /* YATAUITestsLaunchTests.swift in Sources */ = {isa = PBXBuildFile; fileRef = 4C2C8C392BFA79CE00A00306 /* YATAUITestsLaunchTests.swift */; };
/* End PBXBuildFile section */

/* Begin PBXContainerItemProxy section */
		4C2C8C2A2BFA79CE00A00306 /* PBXContainerItemProxy */ = {
			isa = PBXContainerItemProxy;
			containerPortal = 4C2C8C0C2BFA79CC00A00306 /* Project object */;
			proxyType = 1;
			remoteGlobalIDString = 4C2C8C132BFA79CC00A00306;
			remoteInfo = YATA;
		};
		4C2C8C342BFA79CE00A00306 /* PBXContainerItemProxy */ = {
			isa = PBXContainerItemProxy;
			containerPortal = 4C2C8C0C2BFA79CC00A00306 /* Project object */;
			proxyType = 1;
			remoteGlobalIDString = 4C2C8C132BFA79CC00A00306;
			remoteInfo = YATA;
		};
/* End PBXContainerItemProxy section */

/* Begin PBXFileReference section */
		4C2C8C142BFA79CC00A00306 /* YATA.app */ = {isa = PBXFileReference; explicitFileType = wrapper.application; includeInIndex = 0; path = YATA.app; sourceTree = BUILT_PRODUCTS_DIR; };
		4C2C8C172BFA79CC00A00306 /* YATAApp.swift */ = {isa = PBXFileReference; lastKnownFileType = sourcecode.swift; path = YATAApp.swift; sourceTree = "<group>"; };
		4C2C8C192BFA79CC00A00306 /* ContentView.swift */ = {isa = PBXFileReference; lastKnownFileType = sourcecode.swift; path = ContentView.swift; sourceTree = "<group>"; };
		4C2C8C1B2BFA79CE00A00306 /* Assets.xcassets */ = {isa = PBXFileReference; lastKnownFileType = folder.assetcatalog; path = Assets.xcassets; sourceTree = "<group>"; };
		4C2C8C1E2BFA79CE00A00306 /* Preview Assets.xcassets */ = {isa = PBXFileReference; lastKnownFileType = folder.assetcatalog; path = "Preview Assets.xcassets"; sourceTree = "<group>"; };
		4C2C8C202BFA79CE00A00306 /* Persistence.swift */ = {isa = PBXFileReference; lastKnownFileType = sourcecode.swift; path = Persistence.swift; sourceTree = "<group>"; };
		4C2C8C232BFA79CE00A00306 /* YATA.xcdatamodel */ = {isa = PBXFileReference; lastKnownFileType = wrapper.xcdatamodel; path = YATA.xcdatamodel; sourceTree = "<group>"; };
		4C2C8C292BFA79CE00A00306 /* YATATests.xctest */ = {isa = PBXFileReference; explicitFileType = wrapper.cfbundle; includeInIndex = 0; path = YATATests.xctest; sourceTree = BUILT_PRODUCTS_DIR; };
		4C2C8C2D2BFA79CE00A00306 /* YATATests.swift */ = {isa = PBXFileReference; lastKnownFileType = sourcecode.swift; path = YATATests.swift; sourceTree = "<group>"; };
		4C2C8C332BFA79CE00A00306 /* YATAUITests.xctest */ = {isa = PBXFileReference; explicitFileType = wrapper.cfbundle; includeInIndex = 0; path = YATAUITests.xctest; sourceTree = BUILT_PRODUCTS_DIR; };
		4C2C8C372BFA79CE00A00306 /* YATAUITests.swift */ = {isa = PBXFileReference; lastKnownFileType = sourcecode.swift; path = YATAUITests.swift; sourceTree = "<group>"; };
		4C2C8C392BFA79CE00A00306 /* YATAUITestsLaunchTests.swift */ = {isa = PBXFileReference; lastKnownFileType = sourcecode.swift; path = YATAUITestsLaunchTests.swift; sourceTree = "<group>"; };
/* End PBXFileReference section */

/* Begin PBXFrameworksBuildPhase section */
		4C2C8C112BFA79CC00A00306 /* Frameworks */ = {
			isa = PBXFrameworksBuildPhase;
			buildActionMask = 2147483647;
			files = (
			);
			runOnlyForDeploymentPostprocessing = 0;
		};
		4C2C8C262BFA79CE00A00306 /* Frameworks */ = {
			isa = PBXFrameworksBuildPhase;
			buildActionMask = 2147483647;
			files = (
			);
			runOnlyForDeploymentPostprocessing = 0;
		};
		4C2C8C302BFA79CE00A00306 /* Frameworks */ = {
			isa = PBXFrameworksBuildPhase;
			buildActionMask = 2147483647;
			files = (
			);
			runOnlyForDeploymentPostprocessing = 0;
		};
/* End PBXFrameworksBuildPhase section */

/* Begin PBXGroup section */
		4C2C8C0B2BFA79CC00A00306 = {
			isa = PBXGroup;
			children = (
				4C2C8C162BFA79CC00A00306 /* YATA */,
				4C2C8C2C2BFA79CE00A00306 /* YATATests */,
				4C2C8C362BFA79CE00A00306 /* YATAUITests */,
				4C2C8C152BFA79CC00A00306 /* Products */,
			);
			sourceTree = "<group>";
		};
		4C2C8C152BFA79CC00A00306 /* Products */ = {
			isa = PBXGroup;
			children = (
				4C2C8C142BFA79CC00A00306 /* YATA.app */,
				4C2C8C292BFA79CE00A00306 /* YATATests.xctest */,
				4C2C8C332BFA79CE00A00306 /* YATAUITests.xctest */,
			);
			name = Products;
			sourceTree = "<group>";
		};
		4C2C8C162BFA79CC00A00306 /* YATA */ = {
			isa = PBXGroup;
			children = (
				4C2C8C172BFA79CC00A00306 /* YATAApp.swift */,
				4C2C8C192BFA79CC00A00306 /* ContentView.swift */,
				4C2C8C1B2BFA79CE00A00306 /* Assets.xcassets */,
				4C2C8C202BFA79CE00A00306 /* Persistence.swift */,
				4C2C8C222BFA79CE00A00306 /* YATA.xcdatamodeld */,
				4C2C8C1D2BFA79CE00A00306 /* Preview Content */,
			);
			path = YATA;
			sourceTree = "<group>";
		};
		4C2C8C1D2BFA79CE00A00306 /* Preview Content */ = {
			isa = PBXGroup;
			children = (
				4C2C8C1E2BFA79CE00A00306 /* Preview Assets.xcassets */,
			);
			path = "Preview Content";
			sourceTree = "<group>";
		};
		4C2C8C2C2BFA79CE00A00306 /* YATATests */ = {
			isa = PBXGroup;
			children = (
				4C2C8C2D2BFA79CE00A00306 /* YATATests.swift */,
			);
			path = YATATests;
			sourceTree = "<group>";
		};
		4C2C8C362BFA79CE00A00306 /* YATAUITests */ = {
			isa = PBXGroup;
			children = (
				4C2C8C372BFA79CE00A00306 /* YATAUITests.swift */,
				4C2C8C392BFA79CE00A00306 /* YATAUITestsLaunchTests.swift */,
			);
			path = YATAUITests;
			sourceTree = "<group>";
		};
/* End PBXGroup section */

/* Begin PBXNativeTarget section */
		4C2C8C132BFA79CC00A00306 /* YATA */ = {
			isa = PBXNativeTarget;
			buildConfigurationList = 4C2C8C3D2BFA79CE00A00306 /* Build configuration list for PBXNativeTarget "YATA" */;
			buildPhases = (
				4C2C8C102BFA79CC00A00306 /* Sources */,
				4C2C8C112BFA79CC00A00306 /* Frameworks */,
				4C2C8C122BFA79CC00A00306 /* Resources */,
			);
			buildRules = (
			);
			dependencies = (
			);
			name = YATA;
			productName = YATA;
			productReference = 4C2C8C142BFA79CC00A00306 /* YATA.app */;
			productType = "com.apple.product-type.application";
		};
		4C2C8C282BFA79CE00A00306 /* YATATests */ = {
			isa = PBXNativeTarget;
			buildConfigurationList = 4C2C8C402BFA79CE00A00306 /* Build configuration list for PBXNativeTarget "YATATests" */;
			buildPhases = (
				4C2C8C252BFA79CE00A00306 /* Sources */,
				4C2C8C262BFA79CE00A00306 /* Frameworks */,
				4C2C8C272BFA79CE00A00306 /* Resources */,
			);
			buildRules = (
			);
			dependencies = (
				4C2C8C2B2BFA79CE00A00306 /* PBXTargetDependency */,
			);
			name = YATATests;
			productName = YATATests;
			productReference = 4C2C8C292BFA79CE00A00306 /* YATATests.xctest */;
			productType = "com.apple.product-type.bundle.unit-test";
		};
		4C2C8C322BFA79CE00A00306 /* YATAUITests */ = {
			isa = PBXNativeTarget;
			buildConfigurationList = 4C2C8C432BFA79CE00A00306 /* Build configuration list for PBXNativeTarget "YATAUITests" */;
			buildPhases = (
				4C2C8C2F2BFA79CE00A00306 /* Sources */,
				4C2C8C302BFA79CE00A00306 /* Frameworks */,
				4C2C8C312BFA79CE00A00306 /* Resources */,
			);
			buildRules = (
			);
			dependencies = (
				4C2C8C352BFA79CE00A00306 /* PBXTargetDependency */,
			);
			name = YATAUITests;
			productName = YATAUITests;
			productReference = 4C2C8C332BFA79CE00A00306 /* YATAUITests.xctest */;
			productType = "com.apple.product-type.bundle.ui-testing";
		};
/* End PBXNativeTarget section */

/* Begin PBXProject section */
		4C2C8C0C2BFA79CC00A00306 /* Project object */ = {
			isa = PBXProject;
			attributes = {
				BuildIndependentTargetsInParallel = 1;
				LastSwiftUpdateCheck = 1540;
				LastUpgradeCheck = 1540;
				TargetAttributes = {
					4C2C8C132BFA79CC00A00306 = {
						CreatedOnToolsVersion = 15.4;
					};
					4C2C8C282BFA79CE00A00306 = {
						CreatedOnToolsVersion = 15.4;
						TestTargetID = 4C2C8C132BFA79CC00A00306;
					};
					4C2C8C322BFA79CE00A00306 = {
						CreatedOnToolsVersion = 15.4;
						TestTargetID = 4C2C8C132BFA79CC00A00306;
					};
				};
			};
			buildConfigurationList = 4C2C8C0F2BFA79CC00A00306 /* Build configuration list for PBXProject "YATA" */;
			compatibilityVersion = "Xcode 14.0";
			developmentRegion = en;
			hasScannedForEncodings = 0;
			knownRegions = (
				en,
				Base,
			);
			mainGroup = 4C2C8C0B2BFA79CC00A00306;
			productRefGroup = 4C2C8C152BFA79CC00A00306 /* Products */;
			projectDirPath = "";
			projectRoot = "";
			targets = (
				4C2C8C132BFA79CC00A00306 /* YATA */,
				4C2C8C282BFA79CE00A00306 /* YATATests */,
				4C2C8C322BFA79CE00A00306 /* YATAUITests */,
			);
		};
/* End PBXProject section */

/* Begin PBXResourcesBuildPhase section */
		4C2C8C122BFA79CC00A00306 /* Resources */ = {
			isa = PBXResourcesBuildPhase;
			buildActionMask = 2147483647;
			files = (
				4C2C8C1F2BFA79CE00A00306 /* Preview Assets.xcassets in Resources */,
				4C2C8C1C2BFA79CE00A00306 /* Assets.xcassets in Resources */,
			);
			runOnlyForDeploymentPostprocessing = 0;
		};
		4C2C8C272BFA79CE00A00306 /* Resources */ = {
			isa = PBXResourcesBuildPhase;
			buildActionMask = 2147483647;
			files = (
			);
			runOnlyForDeploymentPostprocessing = 0;
		};
		4C2C8C312BFA79CE00A00306 /* Resources */ = {
			isa = PBXResourcesBuildPhase;
			buildActionMask = 2147483647;
			files = (
			);
			runOnlyForDeploymentPostprocessing = 0;
		};
/* End PBXResourcesBuildPhase section */

/* Begin PBXSourcesBuildPhase section */
		4C2C8C102BFA79CC00A00306 /* Sources */ = {
			isa = PBXSourcesBuildPhase;
			buildActionMask = 2147483647;
			files = (
				4C2C8C242BFA79CE00A00306 /* YATA.xcdatamodeld in Sources */,
				4C2C8C212BFA79CE00A00306 /* Persistence.swift in Sources */,
				4C2C8C1A2BFA79CC00A00306 /* ContentView.swift in Sources */,
				4C2C8C182BFA79CC00A00306 /* YATAApp.swift in Sources */,
			);
			runOnlyForDeploymentPostprocessing = 0;
		};
		4C2C8C252BFA79CE00A00306 /* Sources */ = {
			isa = PBXSourcesBuildPhase;
			buildActionMask = 2147483647;
			files = (
				4C2C8C2E2BFA79CE00A00306 /* YATATests.swift in Sources */,
			);
			runOnlyForDeploymentPostprocessing = 0;
		};
		4C2C8C2F2BFA79CE00A00306 /* Sources */ = {
			isa = PBXSourcesBuildPhase;
			buildActionMask = 2147483647;
			files = (
				4C2C8C382BFA79CE00A00306 /* YATAUITests.swift in Sources */,
				4C2C8C3A2BFA79CE00A00306 /* YATAUITestsLaunchTests.swift in Sources */,
			);
			runOnlyForDeploymentPostprocessing = 0;
		};
/* End PBXSourcesBuildPhase section */

/* Begin PBXTargetDependency section */
		4C2C8C2B2BFA79CE00A00306 /* PBXTargetDependency */ = {
			isa = PBXTargetDependency;
			target = 4C2C8C132BFA79CC00A00306 /* YATA */;
			targetProxy = 4C2C8C2A2BFA79CE00A00306 /* PBXContainerItemProxy */;
		};
		4C2C8C352BFA79CE00A00306 /* PBXTargetDependency */ = {
			isa = PBXTargetDependency;
			target = 4C2C8C132BFA79CC00A00306 /* YATA */;
			targetProxy = 4C2C8C342BFA79CE00A00306 /* PBXContainerItemProxy */;
		};
/* End PBXTargetDependency section */

/* Begin XCBuildConfiguration section */
		4C2C8C3B2BFA79CE00A00306 /* Debug */ = {
			isa = XCBuildConfiguration;
			buildSettings = {
				ALWAYS_SEARCH_USER_PATHS = NO;
				ASSETCATALOG_COMPILER_GENERATE_SWIFT_ASSET_SYMBOL_EXTENSIONS = YES;
				CLANG_ANALYZER_NONNULL = YES;
				CLANG_ANALYZER_NUMBER_OBJECT_CONVERSION = YES_AGGRESSIVE;
				CLANG_CXX_LANGUAGE_STANDARD = "gnu++20";
				CLANG_ENABLE_MODULES = YES;
				CLANG_ENABLE_OBJC_ARC = YES;
				CLANG_ENABLE_OBJC_WEAK = YES;
				CLANG_WARN_BLOCK_CAPTURE_AUTORELEASING = YES;
				CLANG_WARN_BOOL_CONVERSION = YES;
				CLANG_WARN_COMMA = YES;
				CLANG_WARN_CONSTANT_CONVERSION = YES;
				CLANG_WARN_DEPRECATED_OBJC_IMPLEMENTATIONS = YES;
				CLANG_WARN_DIRECT_OBJC_ISA_USAGE = YES_ERROR;
				CLANG_WARN_DOCUMENTATION_COMMENTS = YES;
				CLANG_WARN_EMPTY_BODY = YES;
				CLANG_WARN_ENUM_CONVERSION = YES;
				CLANG_WARN_INFINITE_RECURSION = YES;
				CLANG_WARN_INT_CONVERSION = YES;
				CLANG_WARN_NON_LITERAL_NULL_CONVERSION = YES;
				CLANG_WARN_OBJC_IMPLICIT_RETAIN_SELF = YES;
				CLANG_WARN_OBJC_LITERAL_CONVERSION = YES;
				CLANG_WARN_OBJC_ROOT_CLASS = YES_ERROR;
				CLANG_WARN_QUOTED_INCLUDE_IN_FRAMEWORK_HEADER = YES;
				CLANG_WARN_RANGE_LOOP_ANALYSIS = YES;
				CLANG_WARN_STRICT_PROTOTYPES = YES;
				CLANG_WARN_SUSPICIOUS_MOVE = YES;
				CLANG_WARN_UNGUARDED_AVAILABILITY = YES_AGGRESSIVE;
				CLANG_WARN_UNREACHABLE_CODE = YES;
				CLANG_WARN__DUPLICATE_METHOD_MATCH = YES;
				COPY_PHASE_STRIP = NO;
				DEBUG_INFORMATION_FORMAT = dwarf;
				ENABLE_STRICT_OBJC_MSGSEND = YES;
				ENABLE_TESTABILITY = YES;
				ENABLE_USER_SCRIPT_SANDBOXING = YES;
				GCC_C_LANGUAGE_STANDARD = gnu17;
				GCC_DYNAMIC_NO_PIC = NO;
				GCC_NO_COMMON_BLOCKS = YES;
				GCC_OPTIMIZATION_LEVEL = 0;
				GCC_PREPROCESSOR_DEFINITIONS = (
					"DEBUG=1",
					"$(inherited)",
				);
				GCC_TREAT_WARNINGS_AS_ERRORS = YES;
				GCC_WARN_64_TO_32_BIT_CONVERSION = YES;
				GCC_WARN_ABOUT_RETURN_TYPE = YES_ERROR;
				GCC_WARN_UNDECLARED_SELECTOR = YES;
				GCC_WARN_UNINITIALIZED_AUTOS = YES_AGGRESSIVE;
				GCC_WARN_UNUSED_FUNCTION = YES;
				GCC_WARN_UNUSED_VARIABLE = YES;
				IPHONEOS_DEPLOYMENT_TARGET = 16.0;
				LOCALIZATION_PREFERS_STRING_CATALOGS = YES;
				MTL_ENABLE_DEBUG_INFO = INCLUDE_SOURCE;
				MTL_FAST_MATH = YES;
				ONLY_ACTIVE_ARCH = YES;
				SDKROOT = iphoneos;
				SWIFT_ACTIVE_COMPILATION_CONDITIONS = "DEBUG $(inherited)";
				SWIFT_OPTIMIZATION_LEVEL = "-Onone";
				SWIFT_TREAT_WARNINGS_AS_ERRORS = YES;
			};
			name = Debug;
		};
		4C2C8C3C2BFA79CE00A00306 /* Release */ = {
			isa = XCBuildConfiguration;
			buildSettings = {
				ALWAYS_SEARCH_USER_PATHS = NO;
				ASSETCATALOG_COMPILER_GENERATE_SWIFT_ASSET_SYMBOL_EXTENSIONS = YES;
				CLANG_ANALYZER_NONNULL = YES;
				CLANG_ANALYZER_NUMBER_OBJECT_CONVERSION = YES_AGGRESSIVE;
				CLANG_CXX_LANGUAGE_STANDARD = "gnu++20";
				CLANG_ENABLE_MODULES = YES;
				CLANG_ENABLE_OBJC_ARC = YES;
				CLANG_ENABLE_OBJC_WEAK = YES;
				CLANG_WARN_BLOCK_CAPTURE_AUTORELEASING = YES;
				CLANG_WARN_BOOL_CONVERSION = YES;
				CLANG_WARN_COMMA = YES;
				CLANG_WARN_CONSTANT_CONVERSION = YES;
				CLANG_WARN_DEPRECATED_OBJC_IMPLEMENTATIONS = YES;
				CLANG_WARN_DIRECT_OBJC_ISA_USAGE = YES_ERROR;
				CLANG_WARN_DOCUMENTATION_COMMENTS = YES;
				CLANG_WARN_EMPTY_BODY = YES;
				CLANG_WARN_ENUM_CONVERSION = YES;
				CLANG_WARN_INFINITE_RECURSION = YES;
				CLANG_WARN_INT_CONVERSION = YES;
				CLANG_WARN_NON_LITERAL_NULL_CONVERSION = YES;
				CLANG_WARN_OBJC_IMPLICIT_RETAIN_SELF = YES;
				CLANG_WARN_OBJC_LITERAL_CONVERSION = YES;
				CLANG_WARN_OBJC_ROOT_CLASS = YES_ERROR;
				CLANG_WARN_QUOTED_INCLUDE_IN_FRAMEWORK_HEADER = YES;
				CLANG_WARN_RANGE_LOOP_ANALYSIS = YES;
				CLANG_WARN_STRICT_PROTOTYPES = YES;
				CLANG_WARN_SUSPICIOUS_MOVE = YES;
				CLANG_WARN_UNGUARDED_AVAILABILITY = YES_AGGRESSIVE;
				CLANG_WARN_UNREACHABLE_CODE = YES;
				CLANG_WARN__DUPLICATE_METHOD_MATCH = YES;
				COPY_PHASE_STRIP = NO;
				DEBUG_INFORMATION_FORMAT = "dwarf-with-dsym";
				ENABLE_NS_ASSERTIONS = NO;
				ENABLE_STRICT_OBJC_MSGSEND = YES;
				ENABLE_USER_SCRIPT_SANDBOXING = YES;
				GCC_C_LANGUAGE_STANDARD = gnu17;
				GCC_NO_COMMON_BLOCKS = YES;
				GCC_TREAT_WARNINGS_AS_ERRORS = YES;
				GCC_WARN_64_TO_32_BIT_CONVERSION = YES;
				GCC_WARN_ABOUT_RETURN_TYPE = YES_ERROR;
				GCC_WARN_UNDECLARED_SELECTOR = YES;
				GCC_WARN_UNINITIALIZED_AUTOS = YES_AGGRESSIVE;
				GCC_WARN_UNUSED_FUNCTION = YES;
				GCC_WARN_UNUSED_VARIABLE = YES;
				IPHONEOS_DEPLOYMENT_TARGET = 16.0;
				LOCALIZATION_PREFERS_STRING_CATALOGS = YES;
				MTL_ENABLE_DEBUG_INFO = NO;
				MTL_FAST_MATH = YES;
				SDKROOT = iphoneos;
				SWIFT_COMPILATION_MODE = wholemodule;
				SWIFT_TREAT_WARNINGS_AS_ERRORS = YES;
				VALIDATE_PRODUCT = YES;
			};
			name = Release;
		};
		4C2C8C3E2BFA79CE00A00306 /* Debug */ = {
			isa = XCBuildConfiguration;
			buildSettings = {
				ASSETCATALOG_COMPILER_APPICON_NAME = AppIcon;
				ASSETCATALOG_COMPILER_GLOBAL_ACCENT_COLOR_NAME = AccentColor;
				CODE_SIGN_STYLE = Automatic;
				CURRENT_PROJECT_VERSION = 1;
				DEVELOPMENT_ASSET_PATHS = "\"YATA/Preview Content\"";
				DEVELOPMENT_TEAM = NYNSNW3VZP;
				ENABLE_PREVIEWS = YES;
				GENERATE_INFOPLIST_FILE = YES;
				INFOPLIST_KEY_UIApplicationSceneManifest_Generation = YES;
				INFOPLIST_KEY_UIApplicationSupportsIndirectInputEvents = YES;
				INFOPLIST_KEY_UILaunchScreen_Generation = YES;
				INFOPLIST_KEY_UISupportedInterfaceOrientations_iPad = "UIInterfaceOrientationPortrait UIInterfaceOrientationPortraitUpsideDown UIInterfaceOrientationLandscapeLeft UIInterfaceOrientationLandscapeRight";
				INFOPLIST_KEY_UISupportedInterfaceOrientations_iPhone = "UIInterfaceOrientationPortrait UIInterfaceOrientationLandscapeLeft UIInterfaceOrientationLandscapeRight";
				IPHONEOS_DEPLOYMENT_TARGET = 16.0;
				LD_RUNPATH_SEARCH_PATHS = (
					"$(inherited)",
					"@executable_path/Frameworks",
				);
				MARKETING_VERSION = 1.0;
				PRODUCT_BUNDLE_IDENTIFIER = de.repeatuntil.yata.YATA;
				PRODUCT_NAME = "$(TARGET_NAME)";
				SUPPORTED_PLATFORMS = "iphoneos iphonesimulator";
				SUPPORTS_MACCATALYST = NO;
				SUPPORTS_MAC_DESIGNED_FOR_IPHONE_IPAD = NO;
				SUPPORTS_XR_DESIGNED_FOR_IPHONE_IPAD = NO;
				SWIFT_EMIT_LOC_STRINGS = YES;
				SWIFT_VERSION = 5.0;
				TARGETED_DEVICE_FAMILY = "1,2";
			};
			name = Debug;
		};
		4C2C8C3F2BFA79CE00A00306 /* Release */ = {
			isa = XCBuildConfiguration;
			buildSettings = {
				ASSETCATALOG_COMPILER_APPICON_NAME = AppIcon;
				ASSETCATALOG_COMPILER_GLOBAL_ACCENT_COLOR_NAME = AccentColor;
				CODE_SIGN_STYLE = Automatic;
				CURRENT_PROJECT_VERSION = 1;
				DEVELOPMENT_ASSET_PATHS = "\"YATA/Preview Content\"";
				DEVELOPMENT_TEAM = NYNSNW3VZP;
				ENABLE_PREVIEWS = YES;
				GENERATE_INFOPLIST_FILE = YES;
				INFOPLIST_KEY_UIApplicationSceneManifest_Generation = YES;
				INFOPLIST_KEY_UIApplicationSupportsIndirectInputEvents = YES;
				INFOPLIST_KEY_UILaunchScreen_Generation = YES;
				INFOPLIST_KEY_UISupportedInterfaceOrientations_iPad = "UIInterfaceOrientationPortrait UIInterfaceOrientationPortraitUpsideDown UIInterfaceOrientationLandscapeLeft UIInterfaceOrientationLandscapeRight";
				INFOPLIST_KEY_UISupportedInterfaceOrientations_iPhone = "UIInterfaceOrientationPortrait UIInterfaceOrientationLandscapeLeft UIInterfaceOrientationLandscapeRight";
				IPHONEOS_DEPLOYMENT_TARGET = 16.0;
				LD_RUNPATH_SEARCH_PATHS = (
					"$(inherited)",
					"@executable_path/Frameworks",
				);
				MARKETING_VERSION = 1.0;
				PRODUCT_BUNDLE_IDENTIFIER = de.repeatuntil.yata.YATA;
				PRODUCT_NAME = "$(TARGET_NAME)";
				SUPPORTED_PLATFORMS = "iphoneos iphonesimulator";
				SUPPORTS_MACCATALYST = NO;
				SUPPORTS_MAC_DESIGNED_FOR_IPHONE_IPAD = NO;
				SUPPORTS_XR_DESIGNED_FOR_IPHONE_IPAD = NO;
				SWIFT_EMIT_LOC_STRINGS = YES;
				SWIFT_VERSION = 5.0;
				TARGETED_DEVICE_FAMILY = "1,2";
			};
			name = Release;
		};
		4C2C8C412BFA79CE00A00306 /* Debug */ = {
			isa = XCBuildConfiguration;
			buildSettings = {
				ALWAYS_EMBED_SWIFT_STANDARD_LIBRARIES = YES;
				BUNDLE_LOADER = "$(TEST_HOST)";
				CODE_SIGN_STYLE = Automatic;
				CURRENT_PROJECT_VERSION = 1;
				DEVELOPMENT_TEAM = NYNSNW3VZP;
				GENERATE_INFOPLIST_FILE = YES;
				IPHONEOS_DEPLOYMENT_TARGET = 17.5;
				MARKETING_VERSION = 1.0;
				PRODUCT_BUNDLE_IDENTIFIER = de.repeatuntil.yata.YATATests;
				PRODUCT_NAME = "$(TARGET_NAME)";
				SUPPORTED_PLATFORMS = "iphoneos iphonesimulator";
				SUPPORTS_MACCATALYST = NO;
				SUPPORTS_MAC_DESIGNED_FOR_IPHONE_IPAD = NO;
				SUPPORTS_XR_DESIGNED_FOR_IPHONE_IPAD = NO;
				SWIFT_EMIT_LOC_STRINGS = NO;
				SWIFT_VERSION = 5.0;
				TARGETED_DEVICE_FAMILY = "1,2";
				TEST_HOST = "$(BUILT_PRODUCTS_DIR)/YATA.app/$(BUNDLE_EXECUTABLE_FOLDER_PATH)/YATA";
			};
			name = Debug;
		};
		4C2C8C422BFA79CE00A00306 /* Release */ = {
			isa = XCBuildConfiguration;
			buildSettings = {
				ALWAYS_EMBED_SWIFT_STANDARD_LIBRARIES = YES;
				BUNDLE_LOADER = "$(TEST_HOST)";
				CODE_SIGN_STYLE = Automatic;
				CURRENT_PROJECT_VERSION = 1;
				DEVELOPMENT_TEAM = NYNSNW3VZP;
				GENERATE_INFOPLIST_FILE = YES;
				IPHONEOS_DEPLOYMENT_TARGET = 17.5;
				MARKETING_VERSION = 1.0;
				PRODUCT_BUNDLE_IDENTIFIER = de.repeatuntil.yata.YATATests;
				PRODUCT_NAME = "$(TARGET_NAME)";
				SUPPORTED_PLATFORMS = "iphoneos iphonesimulator";
				SUPPORTS_MACCATALYST = NO;
				SUPPORTS_MAC_DESIGNED_FOR_IPHONE_IPAD = NO;
				SUPPORTS_XR_DESIGNED_FOR_IPHONE_IPAD = NO;
				SWIFT_EMIT_LOC_STRINGS = NO;
				SWIFT_VERSION = 5.0;
				TARGETED_DEVICE_FAMILY = "1,2";
				TEST_HOST = "$(BUILT_PRODUCTS_DIR)/YATA.app/$(BUNDLE_EXECUTABLE_FOLDER_PATH)/YATA";
			};
			name = Release;
		};
		4C2C8C442BFA79CE00A00306 /* Debug */ = {
			isa = XCBuildConfiguration;
			buildSettings = {
				ALWAYS_EMBED_SWIFT_STANDARD_LIBRARIES = YES;
				CODE_SIGN_STYLE = Automatic;
				CURRENT_PROJECT_VERSION = 1;
				DEVELOPMENT_TEAM = NYNSNW3VZP;
				GCC_TREAT_WARNINGS_AS_ERRORS = YES;
				GENERATE_INFOPLIST_FILE = YES;
				MARKETING_VERSION = 1.0;
				PRODUCT_BUNDLE_IDENTIFIER = de.repeatuntil.yata.YATAUITests;
				PRODUCT_NAME = "$(TARGET_NAME)";
				SUPPORTED_PLATFORMS = "iphoneos iphonesimulator";
				SUPPORTS_MACCATALYST = NO;
				SUPPORTS_MAC_DESIGNED_FOR_IPHONE_IPAD = NO;
				SUPPORTS_XR_DESIGNED_FOR_IPHONE_IPAD = NO;
				SWIFT_EMIT_LOC_STRINGS = NO;
				SWIFT_TREAT_WARNINGS_AS_ERRORS = YES;
				SWIFT_VERSION = 5.0;
				TARGETED_DEVICE_FAMILY = "1,2";
				TEST_TARGET_NAME = YATA;
			};
			name = Debug;
		};
		4C2C8C452BFA79CE00A00306 /* Release */ = {
			isa = XCBuildConfiguration;
			buildSettings = {
				ALWAYS_EMBED_SWIFT_STANDARD_LIBRARIES = YES;
				CODE_SIGN_STYLE = Automatic;
				CURRENT_PROJECT_VERSION = 1;
				DEVELOPMENT_TEAM = NYNSNW3VZP;
				GCC_TREAT_WARNINGS_AS_ERRORS = YES;
				GENERATE_INFOPLIST_FILE = YES;
				MARKETING_VERSION = 1.0;
				PRODUCT_BUNDLE_IDENTIFIER = de.repeatuntil.yata.YATAUITests;
				PRODUCT_NAME = "$(TARGET_NAME)";
				SUPPORTED_PLATFORMS = "iphoneos iphonesimulator";
				SUPPORTS_MACCATALYST = NO;
				SUPPORTS_MAC_DESIGNED_FOR_IPHONE_IPAD = NO;
				SUPPORTS_XR_DESIGNED_FOR_IPHONE_IPAD = NO;
				SWIFT_EMIT_LOC_STRINGS = NO;
				SWIFT_TREAT_WARNINGS_AS_ERRORS = YES;
				SWIFT_VERSION = 5.0;
				TARGETED_DEVICE_FAMILY = "1,2";
				TEST_TARGET_NAME = YATA;
			};
			name = Release;
		};
/* End XCBuildConfiguration section */

/* Begin XCConfigurationList section */
		4C2C8C0F2BFA79CC00A00306 /* Build configuration list for PBXProject "YATA" */ = {
			isa = XCConfigurationList;
			buildConfigurations = (
				4C2C8C3B2BFA79CE00A00306 /* Debug */,
				4C2C8C3C2BFA79CE00A00306 /* Release */,
			);
			defaultConfigurationIsVisible = 0;
			defaultConfigurationName = Release;
		};
		4C2C8C3D2BFA79CE00A00306 /* Build configuration list for PBXNativeTarget "YATA" */ = {
			isa = XCConfigurationList;
			buildConfigurations = (
				4C2C8C3E2BFA79CE00A00306 /* Debug */,
				4C2C8C3F2BFA79CE00A00306 /* Release */,
			);
			defaultConfigurationIsVisible = 0;
			defaultConfigurationName = Release;
		};
		4C2C8C402BFA79CE00A00306 /* Build configuration list for PBXNativeTarget "YATATests" */ = {
			isa = XCConfigurationList;
			buildConfigurations = (
				4C2C8C412BFA79CE00A00306 /* Debug */,
				4C2C8C422BFA79CE00A00306 /* Release */,
			);
			defaultConfigurationIsVisible = 0;
			defaultConfigurationName = Release;
		};
		4C2C8C432BFA79CE00A00306 /* Build configuration list for PBXNativeTarget "YATAUITests" */ = {
			isa = XCConfigurationList;
			buildConfigurations = (
				4C2C8C442BFA79CE00A00306 /* Debug */,
				4C2C8C452BFA79CE00A00306 /* Release */,
			);
			defaultConfigurationIsVisible = 0;
			defaultConfigurationName = Release;
		};
/* End XCConfigurationList section */

/* Begin XCVersionGroup section */
		4C2C8C222BFA79CE00A00306 /* YATA.xcdatamodeld */ = {
			isa = XCVersionGroup;
			children = (
				4C2C8C232BFA79CE00A00306 /* YATA.xcdatamodel */,
			);
			currentVersion = 4C2C8C232BFA79CE00A00306 /* YATA.xcdatamodel */;
			path = YATA.xcdatamodeld;
			sourceTree = "<group>";
			versionGroupType = wrapper.xcdatamodel;
		};
/* End XCVersionGroup section */
	};
	rootObject = 4C2C8C0C2BFA79CC00A00306 /* Project object */;
}
