// !$*UTF8*$!
{
	archiveVersion = 1;
	classes = {
	};
	objectVersion = 56;
	objects = {

/* Begin PBXBuildFile section */
		4C2C8C182BFA79CC00A00306 /* YATAApp.swift in Sources */ = {isa = PBXBuildFile; fileRef = 4C2C8C172BFA79CC00A00306 /* YATAApp.swift */; };
		4C2C8C1A2BFA79CC00A00306 /* ContentView.swift in Sources */ = {isa = PBXBuildFile; fileRef = 4C2C8C192BFA79CC00A00306 /* ContentView.swift */; };
		4C2C8C1C2BFA79CE00A00306 /* Assets.xcassets in Resources */ = {isa = PBXBuildFile; fileRef = 4C2C8C1B2BFA79CE00A00306 /* Assets.xcassets */; };
		4C2C8C1F2BFA79CE00A00306 /* Preview Assets.xcassets in Resources */ = {isa = PBXBuildFile; fileRef = 4C2C8C1E2BFA79CE00A00306 /* Preview Assets.xcassets */; };
		4C2C8C212BFA79CE00A00306 /* Persistence.swift in Sources */ = {isa = PBXBuildFile; fileRef = 4C2C8C202BFA79CE00A00306 /* Persistence.swift */; };
		4C2C8C242BFA79CE00A00306 /* YATA.xcdatamodeld in Sources */ = {isa = PBXBuildFile; fileRef = 4C2C8C222BFA79CE00A00306 /* YATA.xcdatamodeld */; };
		4C2C8C482BFB742100A00306 /* TodoTests.swift in Sources */ = {isa = PBXBuildFile; fileRef = 4C2C8C472BFB742100A00306 /* TodoTests.swift */; };
		4C2C8C4B2BFB74FB00A00306 /* Todo.swift in Sources */ = {isa = PBXBuildFile; fileRef = 4C2C8C4A2BFB74FB00A00306 /* Todo.swift */; };
		4C2C8C4E2BFB752100A00306 /* Id.swift in Sources */ = {isa = PBXBuildFile; fileRef = 4C2C8C4D2BFB752100A00306 /* Id.swift */; };
		4C2C8C522BFB77CC00A00306 /* Deadline.swift in Sources */ = {isa = PBXBuildFile; fileRef = 4C2C8C512BFB77CC00A00306 /* Deadline.swift */; };
		4C2C8C542BFB8B0900A00306 /* UserTests.swift in Sources */ = {isa = PBXBuildFile; fileRef = 4C2C8C532BFB8B0900A00306 /* UserTests.swift */; };
		4C2C8C572BFB8B4100A00306 /* User.swift in Sources */ = {isa = PBXBuildFile; fileRef = 4C2C8C562BFB8B4100A00306 /* User.swift */; };
		4C2C8C592BFB8B7A00A00306 /* TodoList.swift in Sources */ = {isa = PBXBuildFile; fileRef = 4C2C8C582BFB8B7A00A00306 /* TodoList.swift */; };
		4C2C8C5B2BFB8C4B00A00306 /* TodoListTests.swift in Sources */ = {isa = PBXBuildFile; fileRef = 4C2C8C5A2BFB8C4B00A00306 /* TodoListTests.swift */; };
		4C2C8C622BFB8DEB00A00306 /* YATAUITests.swift in Sources */ = {isa = PBXBuildFile; fileRef = 4C2C8C602BFB8DEB00A00306 /* YATAUITests.swift */; };
		4CC588FF2C0365C700C181D6 /* UserService.swift in Sources */ = {isa = PBXBuildFile; fileRef = 4CC588FE2C0365C700C181D6 /* UserService.swift */; };
		4CC589012C0365D600C181D6 /* UserRepository.swift in Sources */ = {isa = PBXBuildFile; fileRef = 4CC589002C0365D600C181D6 /* UserRepository.swift */; };
		4CC589032C0366FC00C181D6 /* Errors.swift in Sources */ = {isa = PBXBuildFile; fileRef = 4CC589022C0366FC00C181D6 /* Errors.swift */; };
		4CC589052C03676A00C181D6 /* ResultExtensions.swift in Sources */ = {isa = PBXBuildFile; fileRef = 4CC589042C03676A00C181D6 /* ResultExtensions.swift */; };
		4CC589072C0368B000C181D6 /* UserServiceTests.swift in Sources */ = {isa = PBXBuildFile; fileRef = 4CC589062C0368B000C181D6 /* UserServiceTests.swift */; };
		4CC5890C2C036D9600C181D6 /* UserMemoryRepository.swift in Sources */ = {isa = PBXBuildFile; fileRef = 4CC5890B2C036D9600C181D6 /* UserMemoryRepository.swift */; };
		4CC5890E2C03BA7F00C181D6 /* TodoListService.swift in Sources */ = {isa = PBXBuildFile; fileRef = 4CC5890D2C03BA7F00C181D6 /* TodoListService.swift */; };
		4CC589102C03BA8A00C181D6 /* TodoListRepository.swift in Sources */ = {isa = PBXBuildFile; fileRef = 4CC5890F2C03BA8A00C181D6 /* TodoListRepository.swift */; };
		4CC589142C03BB2200C181D6 /* TodoListServiceTests.swift in Sources */ = {isa = PBXBuildFile; fileRef = 4CC589132C03BB2200C181D6 /* TodoListServiceTests.swift */; };
		4CC589172C03C9AD00C181D6 /* TodoListMemoryRepository.swift in Sources */ = {isa = PBXBuildFile; fileRef = 4CC589162C03C9AD00C181D6 /* TodoListMemoryRepository.swift */; };
		4CC5891C2C03CA7500C181D6 /* UserApplicationService.swift in Sources */ = {isa = PBXBuildFile; fileRef = 4CC5891B2C03CA7500C181D6 /* UserApplicationService.swift */; };
		4CC5891E2C03CDB300C181D6 /* TodoListApplicationService.swift in Sources */ = {isa = PBXBuildFile; fileRef = 4CC5891D2C03CDB300C181D6 /* TodoListApplicationService.swift */; };
		4CC589222C03D20100C181D6 /* ContentViewModel.swift in Sources */ = {isa = PBXBuildFile; fileRef = 4CC589212C03D20100C181D6 /* ContentViewModel.swift */; };
		4CC589252C03E0A200C181D6 /* UserServiceApplicationTests.swift in Sources */ = {isa = PBXBuildFile; fileRef = 4CC589242C03E0A200C181D6 /* UserServiceApplicationTests.swift */; };
		4CC589272C03E0C700C181D6 /* TodoListServiceApplicationTests.swift in Sources */ = {isa = PBXBuildFile; fileRef = 4CC589262C03E0C700C181D6 /* TodoListServiceApplicationTests.swift */; };
/* End PBXBuildFile section */

/* Begin PBXContainerItemProxy section */
		4C2C8C2A2BFA79CE00A00306 /* PBXContainerItemProxy */ = {
			isa = PBXContainerItemProxy;
			containerPortal = 4C2C8C0C2BFA79CC00A00306 /* Project object */;
			proxyType = 1;
			remoteGlobalIDString = 4C2C8C132BFA79CC00A00306;
			remoteInfo = YATA;
		};
		4C2C8C342BFA79CE00A00306 /* PBXContainerItemProxy */ = {
			isa = PBXContainerItemProxy;
			containerPortal = 4C2C8C0C2BFA79CC00A00306 /* Project object */;
			proxyType = 1;
			remoteGlobalIDString = 4C2C8C132BFA79CC00A00306;
			remoteInfo = YATA;
		};
/* End PBXContainerItemProxy section */

/* Begin PBXFileReference section */
		4C2C8C142BFA79CC00A00306 /* YATA.app */ = {isa = PBXFileReference; explicitFileType = wrapper.application; includeInIndex = 0; path = YATA.app; sourceTree = BUILT_PRODUCTS_DIR; };
		4C2C8C172BFA79CC00A00306 /* YATAApp.swift */ = {isa = PBXFileReference; lastKnownFileType = sourcecode.swift; path = YATAApp.swift; sourceTree = "<group>"; };
		4C2C8C192BFA79CC00A00306 /* ContentView.swift */ = {isa = PBXFileReference; lastKnownFileType = sourcecode.swift; path = ContentView.swift; sourceTree = "<group>"; };
		4C2C8C1B2BFA79CE00A00306 /* Assets.xcassets */ = {isa = PBXFileReference; lastKnownFileType = folder.assetcatalog; path = Assets.xcassets; sourceTree = "<group>"; };
		4C2C8C1E2BFA79CE00A00306 /* Preview Assets.xcassets */ = {isa = PBXFileReference; lastKnownFileType = folder.assetcatalog; path = "Preview Assets.xcassets"; sourceTree = "<group>"; };
		4C2C8C202BFA79CE00A00306 /* Persistence.swift */ = {isa = PBXFileReference; lastKnownFileType = sourcecode.swift; path = Persistence.swift; sourceTree = "<group>"; };
		4C2C8C232BFA79CE00A00306 /* YATA.xcdatamodel */ = {isa = PBXFileReference; lastKnownFileType = wrapper.xcdatamodel; path = YATA.xcdatamodel; sourceTree = "<group>"; };
		4C2C8C292BFA79CE00A00306 /* YATATests.xctest */ = {isa = PBXFileReference; explicitFileType = wrapper.cfbundle; includeInIndex = 0; path = YATATests.xctest; sourceTree = BUILT_PRODUCTS_DIR; };
		4C2C8C332BFA79CE00A00306 /* YATAUITests.xctest */ = {isa = PBXFileReference; explicitFileType = wrapper.cfbundle; includeInIndex = 0; path = YATAUITests.xctest; sourceTree = BUILT_PRODUCTS_DIR; };
		4C2C8C472BFB742100A00306 /* TodoTests.swift */ = {isa = PBXFileReference; lastKnownFileType = sourcecode.swift; path = TodoTests.swift; sourceTree = "<group>"; };
		4C2C8C4A2BFB74FB00A00306 /* Todo.swift */ = {isa = PBXFileReference; lastKnownFileType = sourcecode.swift; path = Todo.swift; sourceTree = "<group>"; };
		4C2C8C4D2BFB752100A00306 /* Id.swift */ = {isa = PBXFileReference; lastKnownFileType = sourcecode.swift; path = Id.swift; sourceTree = "<group>"; };
		4C2C8C512BFB77CC00A00306 /* Deadline.swift */ = {isa = PBXFileReference; lastKnownFileType = sourcecode.swift; path = Deadline.swift; sourceTree = "<group>"; };
		4C2C8C532BFB8B0900A00306 /* UserTests.swift */ = {isa = PBXFileReference; lastKnownFileType = sourcecode.swift; path = UserTests.swift; sourceTree = "<group>"; };
		4C2C8C562BFB8B4100A00306 /* User.swift */ = {isa = PBXFileReference; lastKnownFileType = sourcecode.swift; path = User.swift; sourceTree = "<group>"; };
		4C2C8C582BFB8B7A00A00306 /* TodoList.swift */ = {isa = PBXFileReference; lastKnownFileType = sourcecode.swift; path = TodoList.swift; sourceTree = "<group>"; };
		4C2C8C5A2BFB8C4B00A00306 /* TodoListTests.swift */ = {isa = PBXFileReference; lastKnownFileType = sourcecode.swift; path = TodoListTests.swift; sourceTree = "<group>"; };
		4C2C8C602BFB8DEB00A00306 /* YATAUITests.swift */ = {isa = PBXFileReference; fileEncoding = 4; lastKnownFileType = sourcecode.swift; path = YATAUITests.swift; sourceTree = "<group>"; };
		4CC588FE2C0365C700C181D6 /* UserService.swift */ = {isa = PBXFileReference; lastKnownFileType = sourcecode.swift; path = UserService.swift; sourceTree = "<group>"; };
		4CC589002C0365D600C181D6 /* UserRepository.swift */ = {isa = PBXFileReference; lastKnownFileType = sourcecode.swift; path = UserRepository.swift; sourceTree = "<group>"; };
		4CC589022C0366FC00C181D6 /* Errors.swift */ = {isa = PBXFileReference; lastKnownFileType = sourcecode.swift; path = Errors.swift; sourceTree = "<group>"; };
		4CC589042C03676A00C181D6 /* ResultExtensions.swift */ = {isa = PBXFileReference; lastKnownFileType = sourcecode.swift; path = ResultExtensions.swift; sourceTree = "<group>"; };
		4CC589062C0368B000C181D6 /* UserServiceTests.swift */ = {isa = PBXFileReference; lastKnownFileType = sourcecode.swift; path = UserServiceTests.swift; sourceTree = "<group>"; };
		4CC5890B2C036D9600C181D6 /* UserMemoryRepository.swift */ = {isa = PBXFileReference; lastKnownFileType = sourcecode.swift; path = UserMemoryRepository.swift; sourceTree = "<group>"; };
		4CC5890D2C03BA7F00C181D6 /* TodoListService.swift */ = {isa = PBXFileReference; lastKnownFileType = sourcecode.swift; path = TodoListService.swift; sourceTree = "<group>"; };
		4CC5890F2C03BA8A00C181D6 /* TodoListRepository.swift */ = {isa = PBXFileReference; lastKnownFileType = sourcecode.swift; path = TodoListRepository.swift; sourceTree = "<group>"; };
		4CC589132C03BB2200C181D6 /* TodoListServiceTests.swift */ = {isa = PBXFileReference; lastKnownFileType = sourcecode.swift; path = TodoListServiceTests.swift; sourceTree = "<group>"; };
		4CC589162C03C9AD00C181D6 /* TodoListMemoryRepository.swift */ = {isa = PBXFileReference; lastKnownFileType = sourcecode.swift; path = TodoListMemoryRepository.swift; sourceTree = "<group>"; };
		4CC5891B2C03CA7500C181D6 /* UserApplicationService.swift */ = {isa = PBXFileReference; lastKnownFileType = sourcecode.swift; path = UserApplicationService.swift; sourceTree = "<group>"; };
		4CC5891D2C03CDB300C181D6 /* TodoListApplicationService.swift */ = {isa = PBXFileReference; lastKnownFileType = sourcecode.swift; path = TodoListApplicationService.swift; sourceTree = "<group>"; };
		4CC589212C03D20100C181D6 /* ContentViewModel.swift */ = {isa = PBXFileReference; lastKnownFileType = sourcecode.swift; path = ContentViewModel.swift; sourceTree = "<group>"; };
		4CC589242C03E0A200C181D6 /* UserServiceApplicationTests.swift */ = {isa = PBXFileReference; lastKnownFileType = sourcecode.swift; path = UserServiceApplicationTests.swift; sourceTree = "<group>"; };
		4CC589262C03E0C700C181D6 /* TodoListServiceApplicationTests.swift */ = {isa = PBXFileReference; lastKnownFileType = sourcecode.swift; path = TodoListServiceApplicationTests.swift; sourceTree = "<group>"; };
/* End PBXFileReference section */

/* Begin PBXFrameworksBuildPhase section */
		4C2C8C112BFA79CC00A00306 /* Frameworks */ = {
			isa = PBXFrameworksBuildPhase;
			buildActionMask = 2147483647;
			files = (
			);
			runOnlyForDeploymentPostprocessing = 0;
		};
		4C2C8C262BFA79CE00A00306 /* Frameworks */ = {
			isa = PBXFrameworksBuildPhase;
			buildActionMask = 2147483647;
			files = (
			);
			runOnlyForDeploymentPostprocessing = 0;
		};
		4C2C8C302BFA79CE00A00306 /* Frameworks */ = {
			isa = PBXFrameworksBuildPhase;
			buildActionMask = 2147483647;
			files = (
			);
			runOnlyForDeploymentPostprocessing = 0;
		};
/* End PBXFrameworksBuildPhase section */

/* Begin PBXGroup section */
		4C2C8C0B2BFA79CC00A00306 = {
			isa = PBXGroup;
			children = (
				4C2C8C162BFA79CC00A00306 /* YATA */,
				4C2C8C2C2BFA79CE00A00306 /* YATATests */,
				4C2C8C612BFB8DEB00A00306 /* YATAUITests */,
				4C2C8C152BFA79CC00A00306 /* Products */,
			);
			sourceTree = "<group>";
		};
		4C2C8C152BFA79CC00A00306 /* Products */ = {
			isa = PBXGroup;
			children = (
				4C2C8C142BFA79CC00A00306 /* YATA.app */,
				4C2C8C292BFA79CE00A00306 /* YATATests.xctest */,
				4C2C8C332BFA79CE00A00306 /* YATAUITests.xctest */,
			);
			name = Products;
			sourceTree = "<group>";
		};
		4C2C8C162BFA79CC00A00306 /* YATA */ = {
			isa = PBXGroup;
			children = (
				4CC5891F2C03D18B00C181D6 /* UI */,
				4CC589182C03CA4B00C181D6 /* Application */,
				4CC589092C036D7600C181D6 /* Infrastructure */,
				4C2C8C462BFB73F000A00306 /* Domain */,
				4C2C8C172BFA79CC00A00306 /* YATAApp.swift */,
				4C2C8C1B2BFA79CE00A00306 /* Assets.xcassets */,
				4C2C8C1D2BFA79CE00A00306 /* Preview Content */,
			);
			path = YATA;
			sourceTree = "<group>";
		};
		4C2C8C1D2BFA79CE00A00306 /* Preview Content */ = {
			isa = PBXGroup;
			children = (
				4C2C8C1E2BFA79CE00A00306 /* Preview Assets.xcassets */,
			);
			path = "Preview Content";
			sourceTree = "<group>";
		};
		4C2C8C2C2BFA79CE00A00306 /* YATATests */ = {
			isa = PBXGroup;
			children = (
				4CC589232C03E08D00C181D6 /* Application */,
				4CC589082C03691B00C181D6 /* Domain */,
			);
			path = YATATests;
			sourceTree = "<group>";
		};
		4C2C8C462BFB73F000A00306 /* Domain */ = {
			isa = PBXGroup;
			children = (
				4C2C8C552BFB8B3800A00306 /* User */,
				4C2C8C4F2BFB77AF00A00306 /* TodoList */,
				4C2C8C4C2BFB751800A00306 /* Common */,
			);
			path = Domain;
			sourceTree = "<group>";
		};
		4C2C8C492BFB74EE00A00306 /* Entities */ = {
			isa = PBXGroup;
			children = (
				4C2C8C4A2BFB74FB00A00306 /* Todo.swift */,
			);
			path = Entities;
			sourceTree = "<group>";
		};
		4C2C8C4C2BFB751800A00306 /* Common */ = {
			isa = PBXGroup;
			children = (
				4C2C8C4D2BFB752100A00306 /* Id.swift */,
				4CC589022C0366FC00C181D6 /* Errors.swift */,
				4CC589042C03676A00C181D6 /* ResultExtensions.swift */,
			);
			path = Common;
			sourceTree = "<group>";
		};
		4C2C8C4F2BFB77AF00A00306 /* TodoList */ = {
			isa = PBXGroup;
			children = (
				4C2C8C502BFB77BE00A00306 /* ValueObjects */,
				4C2C8C492BFB74EE00A00306 /* Entities */,
				4C2C8C582BFB8B7A00A00306 /* TodoList.swift */,
				4CC5890D2C03BA7F00C181D6 /* TodoListService.swift */,
				4CC5890F2C03BA8A00C181D6 /* TodoListRepository.swift */,
			);
			path = TodoList;
			sourceTree = "<group>";
		};
		4C2C8C502BFB77BE00A00306 /* ValueObjects */ = {
			isa = PBXGroup;
			children = (
				4C2C8C512BFB77CC00A00306 /* Deadline.swift */,
			);
			path = ValueObjects;
			sourceTree = "<group>";
		};
		4C2C8C552BFB8B3800A00306 /* User */ = {
			isa = PBXGroup;
			children = (
				4C2C8C562BFB8B4100A00306 /* User.swift */,
				4CC588FE2C0365C700C181D6 /* UserService.swift */,
				4CC589002C0365D600C181D6 /* UserRepository.swift */,
			);
			path = User;
			sourceTree = "<group>";
		};
		4C2C8C612BFB8DEB00A00306 /* YATAUITests */ = {
			isa = PBXGroup;
			children = (
				4C2C8C602BFB8DEB00A00306 /* YATAUITests.swift */,
			);
			path = YATAUITests;
			sourceTree = "<group>";
		};
		4CC589082C03691B00C181D6 /* Domain */ = {
			isa = PBXGroup;
			children = (
				4C2C8C472BFB742100A00306 /* TodoTests.swift */,
				4C2C8C532BFB8B0900A00306 /* UserTests.swift */,
				4C2C8C5A2BFB8C4B00A00306 /* TodoListTests.swift */,
				4CC589062C0368B000C181D6 /* UserServiceTests.swift */,
				4CC589132C03BB2200C181D6 /* TodoListServiceTests.swift */,
			);
			path = Domain;
			sourceTree = "<group>";
		};
		4CC589092C036D7600C181D6 /* Infrastructure */ = {
			isa = PBXGroup;
			children = (
				4C2C8C202BFA79CE00A00306 /* Persistence.swift */,
				4C2C8C222BFA79CE00A00306 /* YATA.xcdatamodeld */,
				4CC589152C03C98F00C181D6 /* TodoList */,
				4CC5890A2C036D8700C181D6 /* User */,
			);
			path = Infrastructure;
			sourceTree = "<group>";
		};
		4CC5890A2C036D8700C181D6 /* User */ = {
			isa = PBXGroup;
			children = (
				4CC5890B2C036D9600C181D6 /* UserMemoryRepository.swift */,
			);
			path = User;
			sourceTree = "<group>";
		};
		4CC589152C03C98F00C181D6 /* TodoList */ = {
			isa = PBXGroup;
			children = (
				4CC589162C03C9AD00C181D6 /* TodoListMemoryRepository.swift */,
			);
			path = TodoList;
			sourceTree = "<group>";
		};
		4CC589182C03CA4B00C181D6 /* Application */ = {
			isa = PBXGroup;
			children = (
				4CC5891A2C03CA5E00C181D6 /* TodoList */,
				4CC589192C03CA5600C181D6 /* User */,
			);
			path = Application;
			sourceTree = "<group>";
		};
		4CC589192C03CA5600C181D6 /* User */ = {
			isa = PBXGroup;
			children = (
				4CC5891B2C03CA7500C181D6 /* UserApplicationService.swift */,
			);
			path = User;
			sourceTree = "<group>";
		};
		4CC5891A2C03CA5E00C181D6 /* TodoList */ = {
			isa = PBXGroup;
			children = (
				4CC5891D2C03CDB300C181D6 /* TodoListApplicationService.swift */,
			);
			path = TodoList;
			sourceTree = "<group>";
		};
		4CC5891F2C03D18B00C181D6 /* UI */ = {
			isa = PBXGroup;
			children = (
				4C2C8C192BFA79CC00A00306 /* ContentView.swift */,
				4CC589212C03D20100C181D6 /* ContentViewModel.swift */,
			);
			path = UI;
			sourceTree = "<group>";
		};
		4CC589232C03E08D00C181D6 /* Application */ = {
			isa = PBXGroup;
			children = (
				4CC589242C03E0A200C181D6 /* UserServiceApplicationTests.swift */,
				4CC589262C03E0C700C181D6 /* TodoListServiceApplicationTests.swift */,
			);
			path = Application;
			sourceTree = "<group>";
		};
/* End PBXGroup section */

/* Begin PBXNativeTarget section */
		4C2C8C132BFA79CC00A00306 /* YATA */ = {
			isa = PBXNativeTarget;
			buildConfigurationList = 4C2C8C3D2BFA79CE00A00306 /* Build configuration list for PBXNativeTarget "YATA" */;
			buildPhases = (
				4C2C8C102BFA79CC00A00306 /* Sources */,
				4C2C8C112BFA79CC00A00306 /* Frameworks */,
				4C2C8C122BFA79CC00A00306 /* Resources */,
			);
			buildRules = (
			);
			dependencies = (
			);
			name = YATA;
			productName = YATA;
			productReference = 4C2C8C142BFA79CC00A00306 /* YATA.app */;
			productType = "com.apple.product-type.application";
		};
		4C2C8C282BFA79CE00A00306 /* YATATests */ = {
			isa = PBXNativeTarget;
			buildConfigurationList = 4C2C8C402BFA79CE00A00306 /* Build configuration list for PBXNativeTarget "YATATests" */;
			buildPhases = (
				4C2C8C252BFA79CE00A00306 /* Sources */,
				4C2C8C262BFA79CE00A00306 /* Frameworks */,
				4C2C8C272BFA79CE00A00306 /* Resources */,
			);
			buildRules = (
			);
			dependencies = (
				4C2C8C2B2BFA79CE00A00306 /* PBXTargetDependency */,
			);
			name = YATATests;
			productName = YATATests;
			productReference = 4C2C8C292BFA79CE00A00306 /* YATATests.xctest */;
			productType = "com.apple.product-type.bundle.unit-test";
		};
		4C2C8C322BFA79CE00A00306 /* YATAUITests */ = {
			isa = PBXNativeTarget;
			buildConfigurationList = 4C2C8C432BFA79CE00A00306 /* Build configuration list for PBXNativeTarget "YATAUITests" */;
			buildPhases = (
				4C2C8C2F2BFA79CE00A00306 /* Sources */,
				4C2C8C302BFA79CE00A00306 /* Frameworks */,
				4C2C8C312BFA79CE00A00306 /* Resources */,
			);
			buildRules = (
			);
			dependencies = (
				4C2C8C352BFA79CE00A00306 /* PBXTargetDependency */,
			);
			name = YATAUITests;
			productName = YATAUITests;
			productReference = 4C2C8C332BFA79CE00A00306 /* YATAUITests.xctest */;
			productType = "com.apple.product-type.bundle.ui-testing";
		};
/* End PBXNativeTarget section */

/* Begin PBXProject section */
		4C2C8C0C2BFA79CC00A00306 /* Project object */ = {
			isa = PBXProject;
			attributes = {
				BuildIndependentTargetsInParallel = 1;
				LastSwiftUpdateCheck = 1540;
				LastUpgradeCheck = 1540;
				TargetAttributes = {
					4C2C8C132BFA79CC00A00306 = {
						CreatedOnToolsVersion = 15.4;
					};
					4C2C8C282BFA79CE00A00306 = {
						CreatedOnToolsVersion = 15.4;
						TestTargetID = 4C2C8C132BFA79CC00A00306;
					};
					4C2C8C322BFA79CE00A00306 = {
						CreatedOnToolsVersion = 15.4;
						LastSwiftMigration = 1540;
						TestTargetID = 4C2C8C132BFA79CC00A00306;
					};
				};
			};
			buildConfigurationList = 4C2C8C0F2BFA79CC00A00306 /* Build configuration list for PBXProject "YATA" */;
			compatibilityVersion = "Xcode 14.0";
			developmentRegion = en;
			hasScannedForEncodings = 0;
			knownRegions = (
				en,
				Base,
			);
			mainGroup = 4C2C8C0B2BFA79CC00A00306;
			productRefGroup = 4C2C8C152BFA79CC00A00306 /* Products */;
			projectDirPath = "";
			projectRoot = "";
			targets = (
				4C2C8C132BFA79CC00A00306 /* YATA */,
				4C2C8C282BFA79CE00A00306 /* YATATests */,
				4C2C8C322BFA79CE00A00306 /* YATAUITests */,
			);
		};
/* End PBXProject section */

/* Begin PBXResourcesBuildPhase section */
		4C2C8C122BFA79CC00A00306 /* Resources */ = {
			isa = PBXResourcesBuildPhase;
			buildActionMask = 2147483647;
			files = (
				4C2C8C1F2BFA79CE00A00306 /* Preview Assets.xcassets in Resources */,
				4C2C8C1C2BFA79CE00A00306 /* Assets.xcassets in Resources */,
			);
			runOnlyForDeploymentPostprocessing = 0;
		};
		4C2C8C272BFA79CE00A00306 /* Resources */ = {
			isa = PBXResourcesBuildPhase;
			buildActionMask = 2147483647;
			files = (
			);
			runOnlyForDeploymentPostprocessing = 0;
		};
		4C2C8C312BFA79CE00A00306 /* Resources */ = {
			isa = PBXResourcesBuildPhase;
			buildActionMask = 2147483647;
			files = (
			);
			runOnlyForDeploymentPostprocessing = 0;
		};
/* End PBXResourcesBuildPhase section */

/* Begin PBXSourcesBuildPhase section */
		4C2C8C102BFA79CC00A00306 /* Sources */ = {
			isa = PBXSourcesBuildPhase;
			buildActionMask = 2147483647;
			files = (
				4CC589012C0365D600C181D6 /* UserRepository.swift in Sources */,
				4C2C8C592BFB8B7A00A00306 /* TodoList.swift in Sources */,
				4CC5891E2C03CDB300C181D6 /* TodoListApplicationService.swift in Sources */,
				4C2C8C242BFA79CE00A00306 /* YATA.xcdatamodeld in Sources */,
				4CC589222C03D20100C181D6 /* ContentViewModel.swift in Sources */,
				4C2C8C212BFA79CE00A00306 /* Persistence.swift in Sources */,
				4CC589032C0366FC00C181D6 /* Errors.swift in Sources */,
				4CC589102C03BA8A00C181D6 /* TodoListRepository.swift in Sources */,
				4C2C8C4E2BFB752100A00306 /* Id.swift in Sources */,
				4C2C8C1A2BFA79CC00A00306 /* ContentView.swift in Sources */,
				4C2C8C572BFB8B4100A00306 /* User.swift in Sources */,
				4CC588FF2C0365C700C181D6 /* UserService.swift in Sources */,
				4C2C8C182BFA79CC00A00306 /* YATAApp.swift in Sources */,
				4CC5890E2C03BA7F00C181D6 /* TodoListService.swift in Sources */,
				4CC589172C03C9AD00C181D6 /* TodoListMemoryRepository.swift in Sources */,
				4CC5891C2C03CA7500C181D6 /* UserApplicationService.swift in Sources */,
				4CC589052C03676A00C181D6 /* ResultExtensions.swift in Sources */,
				4C2C8C4B2BFB74FB00A00306 /* Todo.swift in Sources */,
				4C2C8C522BFB77CC00A00306 /* Deadline.swift in Sources */,
				4CC5890C2C036D9600C181D6 /* UserMemoryRepository.swift in Sources */,
			);
			runOnlyForDeploymentPostprocessing = 0;
		};
		4C2C8C252BFA79CE00A00306 /* Sources */ = {
			isa = PBXSourcesBuildPhase;
			buildActionMask = 2147483647;
			files = (
				4CC589272C03E0C700C181D6 /* TodoListServiceApplicationTests.swift in Sources */,
				4CC589072C0368B000C181D6 /* UserServiceTests.swift in Sources */,
				4CC589142C03BB2200C181D6 /* TodoListServiceTests.swift in Sources */,
				4C2C8C542BFB8B0900A00306 /* UserTests.swift in Sources */,
				4CC589252C03E0A200C181D6 /* UserServiceApplicationTests.swift in Sources */,
				4C2C8C482BFB742100A00306 /* TodoTests.swift in Sources */,
				4C2C8C5B2BFB8C4B00A00306 /* TodoListTests.swift in Sources */,
			);
			runOnlyForDeploymentPostprocessing = 0;
		};
		4C2C8C2F2BFA79CE00A00306 /* Sources */ = {
			isa = PBXSourcesBuildPhase;
			buildActionMask = 2147483647;
			files = (
				4C2C8C622BFB8DEB00A00306 /* YATAUITests.swift in Sources */,
			);
			runOnlyForDeploymentPostprocessing = 0;
		};
/* End PBXSourcesBuildPhase section */

/* Begin PBXTargetDependency section */
		4C2C8C2B2BFA79CE00A00306 /* PBXTargetDependency */ = {
			isa = PBXTargetDependency;
			target = 4C2C8C132BFA79CC00A00306 /* YATA */;
			targetProxy = 4C2C8C2A2BFA79CE00A00306 /* PBXContainerItemProxy */;
		};
		4C2C8C352BFA79CE00A00306 /* PBXTargetDependency */ = {
			isa = PBXTargetDependency;
			target = 4C2C8C132BFA79CC00A00306 /* YATA */;
			targetProxy = 4C2C8C342BFA79CE00A00306 /* PBXContainerItemProxy */;
		};
/* End PBXTargetDependency section */

/* Begin XCBuildConfiguration section */
		4C2C8C3B2BFA79CE00A00306 /* Debug */ = {
			isa = XCBuildConfiguration;
			buildSettings = {
				ALWAYS_SEARCH_USER_PATHS = NO;
				ASSETCATALOG_COMPILER_GENERATE_SWIFT_ASSET_SYMBOL_EXTENSIONS = YES;
				CLANG_ANALYZER_NONNULL = YES;
				CLANG_ANALYZER_NUMBER_OBJECT_CONVERSION = YES_AGGRESSIVE;
				CLANG_CXX_LANGUAGE_STANDARD = "gnu++20";
				CLANG_ENABLE_MODULES = YES;
				CLANG_ENABLE_OBJC_ARC = YES;
				CLANG_ENABLE_OBJC_WEAK = YES;
				CLANG_WARN_BLOCK_CAPTURE_AUTORELEASING = YES;
				CLANG_WARN_BOOL_CONVERSION = YES;
				CLANG_WARN_COMMA = YES;
				CLANG_WARN_CONSTANT_CONVERSION = YES;
				CLANG_WARN_DEPRECATED_OBJC_IMPLEMENTATIONS = YES;
				CLANG_WARN_DIRECT_OBJC_ISA_USAGE = YES_ERROR;
				CLANG_WARN_DOCUMENTATION_COMMENTS = YES;
				CLANG_WARN_EMPTY_BODY = YES;
				CLANG_WARN_ENUM_CONVERSION = YES;
				CLANG_WARN_INFINITE_RECURSION = YES;
				CLANG_WARN_INT_CONVERSION = YES;
				CLANG_WARN_NON_LITERAL_NULL_CONVERSION = YES;
				CLANG_WARN_OBJC_IMPLICIT_RETAIN_SELF = YES;
				CLANG_WARN_OBJC_LITERAL_CONVERSION = YES;
				CLANG_WARN_OBJC_ROOT_CLASS = YES_ERROR;
				CLANG_WARN_QUOTED_INCLUDE_IN_FRAMEWORK_HEADER = YES;
				CLANG_WARN_RANGE_LOOP_ANALYSIS = YES;
				CLANG_WARN_STRICT_PROTOTYPES = YES;
				CLANG_WARN_SUSPICIOUS_MOVE = YES;
				CLANG_WARN_UNGUARDED_AVAILABILITY = YES_AGGRESSIVE;
				CLANG_WARN_UNREACHABLE_CODE = YES;
				CLANG_WARN__DUPLICATE_METHOD_MATCH = YES;
				COPY_PHASE_STRIP = NO;
				DEBUG_INFORMATION_FORMAT = dwarf;
				ENABLE_STRICT_OBJC_MSGSEND = YES;
				ENABLE_TESTABILITY = YES;
				ENABLE_USER_SCRIPT_SANDBOXING = YES;
				GCC_C_LANGUAGE_STANDARD = gnu17;
				GCC_DYNAMIC_NO_PIC = NO;
				GCC_NO_COMMON_BLOCKS = YES;
				GCC_OPTIMIZATION_LEVEL = 0;
				GCC_PREPROCESSOR_DEFINITIONS = (
					"DEBUG=1",
					"$(inherited)",
				);
				GCC_TREAT_WARNINGS_AS_ERRORS = YES;
				GCC_WARN_64_TO_32_BIT_CONVERSION = YES;
				GCC_WARN_ABOUT_RETURN_TYPE = YES_ERROR;
				GCC_WARN_UNDECLARED_SELECTOR = YES;
				GCC_WARN_UNINITIALIZED_AUTOS = YES_AGGRESSIVE;
				GCC_WARN_UNUSED_FUNCTION = YES;
				GCC_WARN_UNUSED_VARIABLE = YES;
				IPHONEOS_DEPLOYMENT_TARGET = 17.0;
				LOCALIZATION_PREFERS_STRING_CATALOGS = YES;
				MTL_ENABLE_DEBUG_INFO = INCLUDE_SOURCE;
				MTL_FAST_MATH = YES;
				ONLY_ACTIVE_ARCH = YES;
				SDKROOT = iphoneos;
				SWIFT_ACTIVE_COMPILATION_CONDITIONS = "DEBUG $(inherited)";
				SWIFT_OPTIMIZATION_LEVEL = "-Onone";
				SWIFT_TREAT_WARNINGS_AS_ERRORS = YES;
			};
			name = Debug;
		};
		4C2C8C3C2BFA79CE00A00306 /* Release */ = {
			isa = XCBuildConfiguration;
			buildSettings = {
				ALWAYS_SEARCH_USER_PATHS = NO;
				ASSETCATALOG_COMPILER_GENERATE_SWIFT_ASSET_SYMBOL_EXTENSIONS = YES;
				CLANG_ANALYZER_NONNULL = YES;
				CLANG_ANALYZER_NUMBER_OBJECT_CONVERSION = YES_AGGRESSIVE;
				CLANG_CXX_LANGUAGE_STANDARD = "gnu++20";
				CLANG_ENABLE_MODULES = YES;
				CLANG_ENABLE_OBJC_ARC = YES;
				CLANG_ENABLE_OBJC_WEAK = YES;
				CLANG_WARN_BLOCK_CAPTURE_AUTORELEASING = YES;
				CLANG_WARN_BOOL_CONVERSION = YES;
				CLANG_WARN_COMMA = YES;
				CLANG_WARN_CONSTANT_CONVERSION = YES;
				CLANG_WARN_DEPRECATED_OBJC_IMPLEMENTATIONS = YES;
				CLANG_WARN_DIRECT_OBJC_ISA_USAGE = YES_ERROR;
				CLANG_WARN_DOCUMENTATION_COMMENTS = YES;
				CLANG_WARN_EMPTY_BODY = YES;
				CLANG_WARN_ENUM_CONVERSION = YES;
				CLANG_WARN_INFINITE_RECURSION = YES;
				CLANG_WARN_INT_CONVERSION = YES;
				CLANG_WARN_NON_LITERAL_NULL_CONVERSION = YES;
				CLANG_WARN_OBJC_IMPLICIT_RETAIN_SELF = YES;
				CLANG_WARN_OBJC_LITERAL_CONVERSION = YES;
				CLANG_WARN_OBJC_ROOT_CLASS = YES_ERROR;
				CLANG_WARN_QUOTED_INCLUDE_IN_FRAMEWORK_HEADER = YES;
				CLANG_WARN_RANGE_LOOP_ANALYSIS = YES;
				CLANG_WARN_STRICT_PROTOTYPES = YES;
				CLANG_WARN_SUSPICIOUS_MOVE = YES;
				CLANG_WARN_UNGUARDED_AVAILABILITY = YES_AGGRESSIVE;
				CLANG_WARN_UNREACHABLE_CODE = YES;
				CLANG_WARN__DUPLICATE_METHOD_MATCH = YES;
				COPY_PHASE_STRIP = NO;
				DEBUG_INFORMATION_FORMAT = "dwarf-with-dsym";
				ENABLE_NS_ASSERTIONS = NO;
				ENABLE_STRICT_OBJC_MSGSEND = YES;
				ENABLE_USER_SCRIPT_SANDBOXING = YES;
				GCC_C_LANGUAGE_STANDARD = gnu17;
				GCC_NO_COMMON_BLOCKS = YES;
				GCC_TREAT_WARNINGS_AS_ERRORS = YES;
				GCC_WARN_64_TO_32_BIT_CONVERSION = YES;
				GCC_WARN_ABOUT_RETURN_TYPE = YES_ERROR;
				GCC_WARN_UNDECLARED_SELECTOR = YES;
				GCC_WARN_UNINITIALIZED_AUTOS = YES_AGGRESSIVE;
				GCC_WARN_UNUSED_FUNCTION = YES;
				GCC_WARN_UNUSED_VARIABLE = YES;
				IPHONEOS_DEPLOYMENT_TARGET = 17.0;
				LOCALIZATION_PREFERS_STRING_CATALOGS = YES;
				MTL_ENABLE_DEBUG_INFO = NO;
				MTL_FAST_MATH = YES;
				SDKROOT = iphoneos;
				SWIFT_COMPILATION_MODE = wholemodule;
				SWIFT_TREAT_WARNINGS_AS_ERRORS = YES;
				VALIDATE_PRODUCT = YES;
			};
			name = Release;
		};
		4C2C8C3E2BFA79CE00A00306 /* Debug */ = {
			isa = XCBuildConfiguration;
			buildSettings = {
				ASSETCATALOG_COMPILER_APPICON_NAME = AppIcon;
				ASSETCATALOG_COMPILER_GLOBAL_ACCENT_COLOR_NAME = AccentColor;
				CODE_SIGN_STYLE = Automatic;
				CURRENT_PROJECT_VERSION = 1;
				DEVELOPMENT_ASSET_PATHS = "\"YATA/Preview Content\"";
				DEVELOPMENT_TEAM = NYNSNW3VZP;
				ENABLE_PREVIEWS = YES;
				GENERATE_INFOPLIST_FILE = YES;
				INFOPLIST_KEY_UIApplicationSceneManifest_Generation = YES;
				INFOPLIST_KEY_UIApplicationSupportsIndirectInputEvents = YES;
				INFOPLIST_KEY_UILaunchScreen_Generation = YES;
				INFOPLIST_KEY_UISupportedInterfaceOrientations_iPad = "UIInterfaceOrientationPortrait UIInterfaceOrientationPortraitUpsideDown UIInterfaceOrientationLandscapeLeft UIInterfaceOrientationLandscapeRight";
				INFOPLIST_KEY_UISupportedInterfaceOrientations_iPhone = "UIInterfaceOrientationPortrait UIInterfaceOrientationLandscapeLeft UIInterfaceOrientationLandscapeRight";
				IPHONEOS_DEPLOYMENT_TARGET = 17.0;
				LD_RUNPATH_SEARCH_PATHS = (
					"$(inherited)",
					"@executable_path/Frameworks",
				);
				MARKETING_VERSION = 1.0;
				PRODUCT_BUNDLE_IDENTIFIER = de.repeatuntil.yata.YATA;
				PRODUCT_NAME = "$(TARGET_NAME)";
				SUPPORTED_PLATFORMS = "iphoneos iphonesimulator";
				SUPPORTS_MACCATALYST = NO;
				SUPPORTS_MAC_DESIGNED_FOR_IPHONE_IPAD = NO;
				SUPPORTS_XR_DESIGNED_FOR_IPHONE_IPAD = NO;
				SWIFT_EMIT_LOC_STRINGS = YES;
				SWIFT_VERSION = 5.0;
				TARGETED_DEVICE_FAMILY = "1,2";
			};
			name = Debug;
		};
		4C2C8C3F2BFA79CE00A00306 /* Release */ = {
			isa = XCBuildConfiguration;
			buildSettings = {
				ASSETCATALOG_COMPILER_APPICON_NAME = AppIcon;
				ASSETCATALOG_COMPILER_GLOBAL_ACCENT_COLOR_NAME = AccentColor;
				CODE_SIGN_STYLE = Automatic;
				CURRENT_PROJECT_VERSION = 1;
				DEVELOPMENT_ASSET_PATHS = "\"YATA/Preview Content\"";
				DEVELOPMENT_TEAM = NYNSNW3VZP;
				ENABLE_PREVIEWS = YES;
				GENERATE_INFOPLIST_FILE = YES;
				INFOPLIST_KEY_UIApplicationSceneManifest_Generation = YES;
				INFOPLIST_KEY_UIApplicationSupportsIndirectInputEvents = YES;
				INFOPLIST_KEY_UILaunchScreen_Generation = YES;
				INFOPLIST_KEY_UISupportedInterfaceOrientations_iPad = "UIInterfaceOrientationPortrait UIInterfaceOrientationPortraitUpsideDown UIInterfaceOrientationLandscapeLeft UIInterfaceOrientationLandscapeRight";
				INFOPLIST_KEY_UISupportedInterfaceOrientations_iPhone = "UIInterfaceOrientationPortrait UIInterfaceOrientationLandscapeLeft UIInterfaceOrientationLandscapeRight";
				IPHONEOS_DEPLOYMENT_TARGET = 17.0;
				LD_RUNPATH_SEARCH_PATHS = (
					"$(inherited)",
					"@executable_path/Frameworks",
				);
				MARKETING_VERSION = 1.0;
				PRODUCT_BUNDLE_IDENTIFIER = de.repeatuntil.yata.YATA;
				PRODUCT_NAME = "$(TARGET_NAME)";
				SUPPORTED_PLATFORMS = "iphoneos iphonesimulator";
				SUPPORTS_MACCATALYST = NO;
				SUPPORTS_MAC_DESIGNED_FOR_IPHONE_IPAD = NO;
				SUPPORTS_XR_DESIGNED_FOR_IPHONE_IPAD = NO;
				SWIFT_EMIT_LOC_STRINGS = YES;
				SWIFT_VERSION = 5.0;
				TARGETED_DEVICE_FAMILY = "1,2";
			};
			name = Release;
		};
		4C2C8C412BFA79CE00A00306 /* Debug */ = {
			isa = XCBuildConfiguration;
			buildSettings = {
				ALWAYS_EMBED_SWIFT_STANDARD_LIBRARIES = YES;
				BUNDLE_LOADER = "$(TEST_HOST)";
				CODE_SIGN_STYLE = Automatic;
				CURRENT_PROJECT_VERSION = 1;
				DEVELOPMENT_TEAM = NYNSNW3VZP;
				GENERATE_INFOPLIST_FILE = YES;
				IPHONEOS_DEPLOYMENT_TARGET = 17.0;
				MARKETING_VERSION = 1.0;
				PRODUCT_BUNDLE_IDENTIFIER = de.repeatuntil.yata.YATATests;
				PRODUCT_NAME = "$(TARGET_NAME)";
				SUPPORTED_PLATFORMS = "iphoneos iphonesimulator";
				SUPPORTS_MACCATALYST = NO;
				SUPPORTS_MAC_DESIGNED_FOR_IPHONE_IPAD = NO;
				SUPPORTS_XR_DESIGNED_FOR_IPHONE_IPAD = NO;
				SWIFT_EMIT_LOC_STRINGS = NO;
				SWIFT_VERSION = 5.0;
				TARGETED_DEVICE_FAMILY = "1,2";
				TEST_HOST = "$(BUILT_PRODUCTS_DIR)/YATA.app/$(BUNDLE_EXECUTABLE_FOLDER_PATH)/YATA";
			};
			name = Debug;
		};
		4C2C8C422BFA79CE00A00306 /* Release */ = {
			isa = XCBuildConfiguration;
			buildSettings = {
				ALWAYS_EMBED_SWIFT_STANDARD_LIBRARIES = YES;
				BUNDLE_LOADER = "$(TEST_HOST)";
				CODE_SIGN_STYLE = Automatic;
				CURRENT_PROJECT_VERSION = 1;
				DEVELOPMENT_TEAM = NYNSNW3VZP;
				GENERATE_INFOPLIST_FILE = YES;
				IPHONEOS_DEPLOYMENT_TARGET = 17.0;
				MARKETING_VERSION = 1.0;
				PRODUCT_BUNDLE_IDENTIFIER = de.repeatuntil.yata.YATATests;
				PRODUCT_NAME = "$(TARGET_NAME)";
				SUPPORTED_PLATFORMS = "iphoneos iphonesimulator";
				SUPPORTS_MACCATALYST = NO;
				SUPPORTS_MAC_DESIGNED_FOR_IPHONE_IPAD = NO;
				SUPPORTS_XR_DESIGNED_FOR_IPHONE_IPAD = NO;
				SWIFT_EMIT_LOC_STRINGS = NO;
				SWIFT_VERSION = 5.0;
				TARGETED_DEVICE_FAMILY = "1,2";
				TEST_HOST = "$(BUILT_PRODUCTS_DIR)/YATA.app/$(BUNDLE_EXECUTABLE_FOLDER_PATH)/YATA";
			};
			name = Release;
		};
		4C2C8C442BFA79CE00A00306 /* Debug */ = {
			isa = XCBuildConfiguration;
			buildSettings = {
				ALWAYS_EMBED_SWIFT_STANDARD_LIBRARIES = YES;
				CLANG_ENABLE_MODULES = YES;
				CODE_SIGN_STYLE = Automatic;
				CURRENT_PROJECT_VERSION = 1;
				DEVELOPMENT_TEAM = NYNSNW3VZP;
				GCC_TREAT_WARNINGS_AS_ERRORS = YES;
				GENERATE_INFOPLIST_FILE = YES;
				IPHONEOS_DEPLOYMENT_TARGET = 17.0;
				MARKETING_VERSION = 1.0;
				PRODUCT_BUNDLE_IDENTIFIER = de.repeatuntil.yata.YATAUITests;
				PRODUCT_NAME = "$(TARGET_NAME)";
				SUPPORTED_PLATFORMS = "iphoneos iphonesimulator";
				SUPPORTS_MACCATALYST = NO;
				SUPPORTS_MAC_DESIGNED_FOR_IPHONE_IPAD = NO;
				SUPPORTS_XR_DESIGNED_FOR_IPHONE_IPAD = NO;
				SWIFT_EMIT_LOC_STRINGS = NO;
				SWIFT_OPTIMIZATION_LEVEL = "-Onone";
				SWIFT_TREAT_WARNINGS_AS_ERRORS = YES;
				SWIFT_VERSION = 5.0;
				TARGETED_DEVICE_FAMILY = "1,2";
				TEST_TARGET_NAME = YATA;
			};
			name = Debug;
		};
		4C2C8C452BFA79CE00A00306 /* Release */ = {
			isa = XCBuildConfiguration;
			buildSettings = {
				ALWAYS_EMBED_SWIFT_STANDARD_LIBRARIES = YES;
				CLANG_ENABLE_MODULES = YES;
				CODE_SIGN_STYLE = Automatic;
				CURRENT_PROJECT_VERSION = 1;
				DEVELOPMENT_TEAM = NYNSNW3VZP;
				GCC_TREAT_WARNINGS_AS_ERRORS = YES;
				GENERATE_INFOPLIST_FILE = YES;
				IPHONEOS_DEPLOYMENT_TARGET = 17.0;
				MARKETING_VERSION = 1.0;
				PRODUCT_BUNDLE_IDENTIFIER = de.repeatuntil.yata.YATAUITests;
				PRODUCT_NAME = "$(TARGET_NAME)";
				SUPPORTED_PLATFORMS = "iphoneos iphonesimulator";
				SUPPORTS_MACCATALYST = NO;
				SUPPORTS_MAC_DESIGNED_FOR_IPHONE_IPAD = NO;
				SUPPORTS_XR_DESIGNED_FOR_IPHONE_IPAD = NO;
				SWIFT_EMIT_LOC_STRINGS = NO;
				SWIFT_TREAT_WARNINGS_AS_ERRORS = YES;
				SWIFT_VERSION = 5.0;
				TARGETED_DEVICE_FAMILY = "1,2";
				TEST_TARGET_NAME = YATA;
			};
			name = Release;
		};
/* End XCBuildConfiguration section */

/* Begin XCConfigurationList section */
		4C2C8C0F2BFA79CC00A00306 /* Build configuration list for PBXProject "YATA" */ = {
			isa = XCConfigurationList;
			buildConfigurations = (
				4C2C8C3B2BFA79CE00A00306 /* Debug */,
				4C2C8C3C2BFA79CE00A00306 /* Release */,
			);
			defaultConfigurationIsVisible = 0;
			defaultConfigurationName = Release;
		};
		4C2C8C3D2BFA79CE00A00306 /* Build configuration list for PBXNativeTarget "YATA" */ = {
			isa = XCConfigurationList;
			buildConfigurations = (
				4C2C8C3E2BFA79CE00A00306 /* Debug */,
				4C2C8C3F2BFA79CE00A00306 /* Release */,
			);
			defaultConfigurationIsVisible = 0;
			defaultConfigurationName = Release;
		};
		4C2C8C402BFA79CE00A00306 /* Build configuration list for PBXNativeTarget "YATATests" */ = {
			isa = XCConfigurationList;
			buildConfigurations = (
				4C2C8C412BFA79CE00A00306 /* Debug */,
				4C2C8C422BFA79CE00A00306 /* Release */,
			);
			defaultConfigurationIsVisible = 0;
			defaultConfigurationName = Release;
		};
		4C2C8C432BFA79CE00A00306 /* Build configuration list for PBXNativeTarget "YATAUITests" */ = {
			isa = XCConfigurationList;
			buildConfigurations = (
				4C2C8C442BFA79CE00A00306 /* Debug */,
				4C2C8C452BFA79CE00A00306 /* Release */,
			);
			defaultConfigurationIsVisible = 0;
			defaultConfigurationName = Release;
		};
/* End XCConfigurationList section */

/* Begin XCVersionGroup section */
		4C2C8C222BFA79CE00A00306 /* YATA.xcdatamodeld */ = {
			isa = XCVersionGroup;
			children = (
				4C2C8C232BFA79CE00A00306 /* YATA.xcdatamodel */,
			);
			currentVersion = 4C2C8C232BFA79CE00A00306 /* YATA.xcdatamodel */;
			path = YATA.xcdatamodeld;
			sourceTree = "<group>";
			versionGroupType = wrapper.xcdatamodel;
		};
/* End XCVersionGroup section */
	};
	rootObject = 4C2C8C0C2BFA79CC00A00306 /* Project object */;
}
